
Microsoft Visual Studio Solution File, Format Version 12.00
# Visual Studio Version 16
VisualStudioVersion = 16.0.32106.194
MinimumVisualStudioVersion = 10.0.40219.1
Project("{FAE04EC0-301F-11D3-BF4B-00C04F79EFBC}") = "GeoMapDashBoard", "GeoMapDashBoard\GeoMapDashBoard.csproj", "{70E371B3-EDE8-4F96-A897-1860BF14768D}"
EndProject
Global
	GlobalSection(SolutionConfigurationPlatforms) = preSolution
		Debug|Any CPU = Debug|Any CPU
		Release|Any CPU = Release|Any CPU
	EndGlobalSection
	GlobalSection(ProjectConfigurationPlatforms) = postSolution
		{70E371B3-EDE8-4F96-A897-1860BF14768D}.Debug|Any CPU.ActiveCfg = Debug|Any CPU
		{70E371B3-EDE8-4F96-A897-1860BF14768D}.Debug|Any CPU.Build.0 = Debug|Any CPU
		{70E371B3-EDE8-4F96-A897-1860BF14768D}.Release|Any CPU.ActiveCfg = Release|Any CPU
		{70E371B3-EDE8-4F96-A897-1860BF14768D}.Release|Any CPU.Build.0 = Release|Any CPU
	EndGlobalSection
	GlobalSection(SolutionProperties) = preSolution
		HideSolutionNode = FALSE
	EndGlobalSection
	GlobalSection(ExtensibilityGlobals) = postSolution
		SolutionGuid = {A65B976D-6E18-4336-84DF-7AD7901A6E91}
	EndGlobalSection
EndGlobal
