
Microsoft Visual Studio Solution File, Format Version 12.00
# Visual Studio Version 16
VisualStudioVersion = 16.0.32106.194
MinimumVisualStudioVersion = 10.0.40219.1
Project("{FAE04EC0-301F-11D3-BF4B-00C04F79EFBC}") = "CAREERCHARTS__ MALEFEMALEEMPLOYMENT", "CAREERCHARTS__ MALEFEMALEEMPLOYMENT\CAREERCHARTS__ MALEFEMALEEMPLOYMENT.csproj", "{60882683-1EB6-4130-B750-C8C256AF8148}"
EndProject
Global
	GlobalSection(SolutionConfigurationPlatforms) = preSolution
		Debug|Any CPU = Debug|Any CPU
		Release|Any CPU = Release|Any CPU
	EndGlobalSection
	GlobalSection(ProjectConfigurationPlatforms) = postSolution
		{60882683-1EB6-4130-B750-C8C256AF8148}.Debug|Any CPU.ActiveCfg = Debug|Any CPU
		{60882683-1EB6-4130-B750-C8C256AF8148}.Debug|Any CPU.Build.0 = Debug|Any CPU
		{60882683-1EB6-4130-B750-C8C256AF8148}.Release|Any CPU.ActiveCfg = Release|Any CPU
		{60882683-1EB6-4130-B750-C8C256AF8148}.Release|Any CPU.Build.0 = Release|Any CPU
	EndGlobalSection
	GlobalSection(SolutionProperties) = preSolution
		HideSolutionNode = FALSE
	EndGlobalSection
	GlobalSection(ExtensibilityGlobals) = postSolution
		SolutionGuid = {6FA6D1FF-75D0-4FBE-AD07-0CF15B4F3B94}
	EndGlobalSection
EndGlobal
