
Microsoft Visual Studio Solution File, Format Version 12.00
# Visual Studio Version 16
VisualStudioVersion = 16.0.31605.320
MinimumVisualStudioVersion = 10.0.40219.1
Project("{FAE04EC0-301F-11D3-BF4B-00C04F79EFBC}") = "Ui Design", "Ui Design\Ui Design.csproj", "{D72D5CC5-D5CE-42A2-99F6-6E247A1F8828}"
EndProject
Global
	GlobalSection(SolutionConfigurationPlatforms) = preSolution
		Debug|Any CPU = Debug|Any CPU
		Release|Any CPU = Release|Any CPU
	EndGlobalSection
	GlobalSection(ProjectConfigurationPlatforms) = postSolution
		{D72D5CC5-D5CE-42A2-99F6-6E247A1F8828}.Debug|Any CPU.ActiveCfg = Debug|Any CPU
		{D72D5CC5-D5CE-42A2-99F6-6E247A1F8828}.Debug|Any CPU.Build.0 = Debug|Any CPU
		{D72D5CC5-D5CE-42A2-99F6-6E247A1F8828}.Release|Any CPU.ActiveCfg = Release|Any CPU
		{D72D5CC5-D5CE-42A2-99F6-6E247A1F8828}.Release|Any CPU.Build.0 = Release|Any CPU
	EndGlobalSection
	GlobalSection(SolutionProperties) = preSolution
		HideSolutionNode = FALSE
	EndGlobalSection
	GlobalSection(ExtensibilityGlobals) = postSolution
		SolutionGuid = {6D8FB5F9-88D1-4714-87DA-C0CCDD772995}
	EndGlobalSection
EndGlobal
