
Microsoft Visual Studio Solution File, Format Version 12.00
# Visual Studio Version 16
VisualStudioVersion = 16.0.32106.194
MinimumVisualStudioVersion = 10.0.40219.1
Project("{FAE04EC0-301F-11D3-BF4B-00C04F79EFBC}") = "CHARTdASHBOARD", "CHARTdASHBOARD\CHARTdASHBOARD.csproj", "{75A4158C-D4F8-4843-A170-633A49713094}"
EndProject
Global
	GlobalSection(SolutionConfigurationPlatforms) = preSolution
		Debug|Any CPU = Debug|Any CPU
		Release|Any CPU = Release|Any CPU
	EndGlobalSection
	GlobalSection(ProjectConfigurationPlatforms) = postSolution
		{75A4158C-D4F8-4843-A170-633A49713094}.Debug|Any CPU.ActiveCfg = Debug|Any CPU
		{75A4158C-D4F8-4843-A170-633A49713094}.Debug|Any CPU.Build.0 = Debug|Any CPU
		{75A4158C-D4F8-4843-A170-633A49713094}.Release|Any CPU.ActiveCfg = Release|Any CPU
		{75A4158C-D4F8-4843-A170-633A49713094}.Release|Any CPU.Build.0 = Release|Any CPU
	EndGlobalSection
	GlobalSection(SolutionProperties) = preSolution
		HideSolutionNode = FALSE
	EndGlobalSection
	GlobalSection(ExtensibilityGlobals) = postSolution
		SolutionGuid = {034D5561-20E2-44A4-814E-5A41CF40C3BB}
	EndGlobalSection
EndGlobal
